
Microsoft Visual Studio Solution File, Format Version 12.00
# Visual Studio Version 17
VisualStudioVersion = 17.3.32929.385
MinimumVisualStudioVersion = 10.0.40219.1
Project("{F184B08F-C81C-45F6-A57F-5ABD9991F28F}") = "db practice", "db practice\db practice.vbproj", "{7352D357-CC3E-46FB-A025-4F522C5831AE}"
EndProject
Global
	GlobalSection(SolutionConfigurationPlatforms) = preSolution
		Debug|Any CPU = Debug|Any CPU
		Release|Any CPU = Release|Any CPU
	EndGlobalSection
	GlobalSection(ProjectConfigurationPlatforms) = postSolution
		{7352D357-CC3E-46FB-A025-4F522C5831AE}.Debug|Any CPU.ActiveCfg = Debug|Any CPU
		{7352D357-CC3E-46FB-A025-4F522C5831AE}.Debug|Any CPU.Build.0 = Debug|Any CPU
		{7352D357-CC3E-46FB-A025-4F522C5831AE}.Release|Any CPU.ActiveCfg = Release|Any CPU
		{7352D357-CC3E-46FB-A025-4F522C5831AE}.Release|Any CPU.Build.0 = Release|Any CPU
	EndGlobalSection
	GlobalSection(SolutionProperties) = preSolution
		HideSolutionNode = FALSE
	EndGlobalSection
	GlobalSection(ExtensibilityGlobals) = postSolution
		SolutionGuid = {8EB8CE7C-0195-491C-8B1B-6E3503E546E6}
	EndGlobalSection
EndGlobal
